
Microsoft Visual Studio Solution File, Format Version 12.00
# Visual Studio 2012
Project("{FAE04EC0-301F-11D3-BF4B-00C04F79EFBC}") = "pvPanelCompasControlLibrary", "pvPanelCompasControlLibrary.csproj", "{DEE48D0E-26D2-4779-998F-DBA97E0B7221}"
EndProject
Project("{FAE04EC0-301F-11D3-BF4B-00C04F79EFBC}") = "UserControlTest", "..\WindowsFormsApplication1\UserControlTest.csproj", "{74D82B30-4471-47D9-97C4-CD001F86BE6A}"
EndProject
Project("{FAE04EC0-301F-11D3-BF4B-00C04F79EFBC}") = "pvPanelAngleControlLibrary", "..\pvPanelTileAngleCTL\pvPanelAngleControlLibrary.csproj", "{07E877D8-C9A9-4BF2-99B4-7D1CC58010B9}"
EndProject
Global
	GlobalSection(SolutionConfigurationPlatforms) = preSolution
		Debug|Any CPU = Debug|Any CPU
		Release|Any CPU = Release|Any CPU
	EndGlobalSection
	GlobalSection(ProjectConfigurationPlatforms) = postSolution
		{DEE48D0E-26D2-4779-998F-DBA97E0B7221}.Debug|Any CPU.ActiveCfg = Debug|Any CPU
		{DEE48D0E-26D2-4779-998F-DBA97E0B7221}.Debug|Any CPU.Build.0 = Debug|Any CPU
		{DEE48D0E-26D2-4779-998F-DBA97E0B7221}.Release|Any CPU.ActiveCfg = Release|Any CPU
		{DEE48D0E-26D2-4779-998F-DBA97E0B7221}.Release|Any CPU.Build.0 = Release|Any CPU
		{74D82B30-4471-47D9-97C4-CD001F86BE6A}.Debug|Any CPU.ActiveCfg = Debug|Any CPU
		{74D82B30-4471-47D9-97C4-CD001F86BE6A}.Debug|Any CPU.Build.0 = Debug|Any CPU
		{74D82B30-4471-47D9-97C4-CD001F86BE6A}.Release|Any CPU.ActiveCfg = Release|Any CPU
		{74D82B30-4471-47D9-97C4-CD001F86BE6A}.Release|Any CPU.Build.0 = Release|Any CPU
		{07E877D8-C9A9-4BF2-99B4-7D1CC58010B9}.Debug|Any CPU.ActiveCfg = Debug|Any CPU
		{07E877D8-C9A9-4BF2-99B4-7D1CC58010B9}.Debug|Any CPU.Build.0 = Debug|Any CPU
		{07E877D8-C9A9-4BF2-99B4-7D1CC58010B9}.Release|Any CPU.ActiveCfg = Release|Any CPU
		{07E877D8-C9A9-4BF2-99B4-7D1CC58010B9}.Release|Any CPU.Build.0 = Release|Any CPU
	EndGlobalSection
	GlobalSection(SolutionProperties) = preSolution
		HideSolutionNode = FALSE
	EndGlobalSection
EndGlobal
